
Microsoft Visual Studio Solution File, Format Version 12.00
# Visual Studio Version 17
VisualStudioVersion = 17.8.34330.188
MinimumVisualStudioVersion = 10.0.40219.1
Project("{888888A0-9F3D-457C-B088-3A5042F75D52}") = "FirstCut", "FirstCut.pyproj", "{C9AADB41-B27B-4EA9-BD3C-6ADEEF607CD9}"
EndProject
Global
	GlobalSection(SolutionConfigurationPlatforms) = preSolution
		Debug|Any CPU = Debug|Any CPU
		Release|Any CPU = Release|Any CPU
	EndGlobalSection
	GlobalSection(ProjectConfigurationPlatforms) = postSolution
		{C9AADB41-B27B-4EA9-BD3C-6ADEEF607CD9}.Debug|Any CPU.ActiveCfg = Debug|Any CPU
		{C9AADB41-B27B-4EA9-BD3C-6ADEEF607CD9}.Release|Any CPU.ActiveCfg = Release|Any CPU
	EndGlobalSection
	GlobalSection(SolutionProperties) = preSolution
		HideSolutionNode = FALSE
	EndGlobalSection
	GlobalSection(ExtensibilityGlobals) = postSolution
		SolutionGuid = {EB8BBC5B-CBDE-4C87-A1FB-7AD5A6C1B889}
	EndGlobalSection
EndGlobal
